
Microsoft Visual Studio Solution File, Format Version 10.00
# Visual C++ Express 2008
Project("{8BC9CEB8-8B4A-11D0-8D11-00A0C91BC942}") = "NppExecPluginMsgTester", "NppExecPluginMsgTester_VC9x.vcproj", "{D88E310B-7491-497A-8FEC-16F5242362B7}"
EndProject
Global
	GlobalSection(SolutionConfigurationPlatforms) = preSolution
		Debug|Win32 = Debug|Win32
		Release (ANSI)|Win32 = Release (ANSI)|Win32
		Release|Win32 = Release|Win32
	EndGlobalSection
	GlobalSection(ProjectConfigurationPlatforms) = postSolution
		{D88E310B-7491-497A-8FEC-16F5242362B7}.Debug|Win32.ActiveCfg = Debug|Win32
		{D88E310B-7491-497A-8FEC-16F5242362B7}.Debug|Win32.Build.0 = Debug|Win32
		{D88E310B-7491-497A-8FEC-16F5242362B7}.Release (ANSI)|Win32.ActiveCfg = Release (ANSI)|Win32
		{D88E310B-7491-497A-8FEC-16F5242362B7}.Release (ANSI)|Win32.Build.0 = Release (ANSI)|Win32
		{D88E310B-7491-497A-8FEC-16F5242362B7}.Release|Win32.ActiveCfg = Release|Win32
		{D88E310B-7491-497A-8FEC-16F5242362B7}.Release|Win32.Build.0 = Release|Win32
	EndGlobalSection
	GlobalSection(SolutionProperties) = preSolution
		HideSolutionNode = FALSE
	EndGlobalSection
EndGlobal
