Microsoft Visual Studio Solution File, Format Version 12.00
# Visual Studio Version 18
VisualStudioVersion = 18.2.11408.102 d18.0
MinimumVisualStudioVersion = 10.0.40219.1
Project("{8BC9CEB8-8B4A-11D0-8D11-00A0C91BC942}") = "NppExec", "NppExec_VC2026.vcxproj", "{653F5B73-87D2-48E3-BF19-309274028BF7}"
EndProject
Global
	GlobalSection(SolutionConfigurationPlatforms) = preSolution
		Debug (ANSI)|ARM64 = Debug (ANSI)|ARM64
		Debug (ANSI)|Win32 = Debug (ANSI)|Win32
		Debug (ANSI)|x64 = Debug (ANSI)|x64
		Debug|ARM64 = Debug|ARM64
		Debug|Win32 = Debug|Win32
		Debug|x64 = Debug|x64
		Release|ARM64 = Release|ARM64
		Release|Win32 = Release|Win32
		Release|x64 = Release|x64
	EndGlobalSection
	GlobalSection(ProjectConfigurationPlatforms) = postSolution
		{653F5B73-87D2-48E3-BF19-309274028BF7}.Debug (ANSI)|ARM64.ActiveCfg = Debug (ANSI)|ARM64
		{653F5B73-87D2-48E3-BF19-309274028BF7}.Debug (ANSI)|ARM64.Build.0 = Debug (ANSI)|ARM64
		{653F5B73-87D2-48E3-BF19-309274028BF7}.Debug (ANSI)|Win32.ActiveCfg = Debug (ANSI)|Win32
		{653F5B73-87D2-48E3-BF19-309274028BF7}.Debug (ANSI)|Win32.Build.0 = Debug (ANSI)|Win32
		{653F5B73-87D2-48E3-BF19-309274028BF7}.Debug (ANSI)|x64.ActiveCfg = Debug (ANSI)|x64
		{653F5B73-87D2-48E3-BF19-309274028BF7}.Debug (ANSI)|x64.Build.0 = Debug (ANSI)|x64
		{653F5B73-87D2-48E3-BF19-309274028BF7}.Debug|ARM64.ActiveCfg = Debug|ARM64
		{653F5B73-87D2-48E3-BF19-309274028BF7}.Debug|ARM64.Build.0 = Debug|ARM64
		{653F5B73-87D2-48E3-BF19-309274028BF7}.Debug|Win32.ActiveCfg = Debug|Win32
		{653F5B73-87D2-48E3-BF19-309274028BF7}.Debug|Win32.Build.0 = Debug|Win32
		{653F5B73-87D2-48E3-BF19-309274028BF7}.Debug|x64.ActiveCfg = Debug|x64
		{653F5B73-87D2-48E3-BF19-309274028BF7}.Debug|x64.Build.0 = Debug|x64
		{653F5B73-87D2-48E3-BF19-309274028BF7}.Release|ARM64.ActiveCfg = Release|ARM64
		{653F5B73-87D2-48E3-BF19-309274028BF7}.Release|ARM64.Build.0 = Release|ARM64
		{653F5B73-87D2-48E3-BF19-309274028BF7}.Release|Win32.ActiveCfg = Release|Win32
		{653F5B73-87D2-48E3-BF19-309274028BF7}.Release|Win32.Build.0 = Release|Win32
		{653F5B73-87D2-48E3-BF19-309274028BF7}.Release|x64.ActiveCfg = Release|x64
		{653F5B73-87D2-48E3-BF19-309274028BF7}.Release|x64.Build.0 = Release|x64
	EndGlobalSection
	GlobalSection(SolutionProperties) = preSolution
		HideSolutionNode = FALSE
	EndGlobalSection
EndGlobal
